// !$*UTF8*$!
{
	archiveVersion = 1;
	classes = {
	};
	objectVersion = 48;
	objects = {

/* Begin PBXBuildFile section */
		59DA9E56783F284D45DF5C11 /* Pods_DojoRx.framework in Frameworks */ = {isa = PBXBuildFile; fileRef = 03F91AEBCB7D7CF9FB43221A /* Pods_DojoRx.framework */; };
		84BA676D204E1700001C22FF /* AppDelegate.swift in Sources */ = {isa = PBXBuildFile; fileRef = 84BA676C204E1700001C22FF /* AppDelegate.swift */; };
		84BA6774204E1700001C22FF /* Assets.xcassets in Resources */ = {isa = PBXBuildFile; fileRef = 84BA6773204E1700001C22FF /* Assets.xcassets */; };
		84BA6777204E1700001C22FF /* LaunchScreen.storyboard in Resources */ = {isa = PBXBuildFile; fileRef = 84BA6775204E1700001C22FF /* LaunchScreen.storyboard */; };
		84BA6780204E1A05001C22FF /* ViewController.swift in Sources */ = {isa = PBXBuildFile; fileRef = 84BA677E204E1A05001C22FF /* ViewController.swift */; };
		84BA6781204E1A05001C22FF /* ViewController.xib in Resources */ = {isa = PBXBuildFile; fileRef = 84BA677F204E1A05001C22FF /* ViewController.xib */; };
		84BA6784204E1BFF001C22FF /* DisneyCharacterCell.swift in Sources */ = {isa = PBXBuildFile; fileRef = 84BA6782204E1BFF001C22FF /* DisneyCharacterCell.swift */; };
		84BA6785204E1BFF001C22FF /* DisneyCharacterCell.xib in Resources */ = {isa = PBXBuildFile; fileRef = 84BA6783204E1BFF001C22FF /* DisneyCharacterCell.xib */; };
		84CBFDE7207309B7005AD8A2 /* Network.swift in Sources */ = {isa = PBXBuildFile; fileRef = 84CBFDE6207309B7005AD8A2 /* Network.swift */; };
		84DCBBFC205319B400DDFC05 /* DisneyCharacter.swift in Sources */ = {isa = PBXBuildFile; fileRef = 84DCBBFB205319B400DDFC05 /* DisneyCharacter.swift */; };
		84F98F7620A39B7C00C2D9A8 /* DisneyDetailsViewController.swift in Sources */ = {isa = PBXBuildFile; fileRef = 84F98F7420A39B7C00C2D9A8 /* DisneyDetailsViewController.swift */; };
		84F98F7720A39B7C00C2D9A8 /* DisneyDetailsViewController.xib in Resources */ = {isa = PBXBuildFile; fileRef = 84F98F7520A39B7C00C2D9A8 /* DisneyDetailsViewController.xib */; };
/* End PBXBuildFile section */

/* Begin PBXFileReference section */
		03F91AEBCB7D7CF9FB43221A /* Pods_DojoRx.framework */ = {isa = PBXFileReference; explicitFileType = wrapper.framework; includeInIndex = 0; path = Pods_DojoRx.framework; sourceTree = BUILT_PRODUCTS_DIR; };
		3F381A5F56CE69F487A2BBAC /* Pods-DojoRx.debug.xcconfig */ = {isa = PBXFileReference; includeInIndex = 1; lastKnownFileType = text.xcconfig; name = "Pods-DojoRx.debug.xcconfig"; path = "Pods/Target Support Files/Pods-DojoRx/Pods-DojoRx.debug.xcconfig"; sourceTree = "<group>"; };
		405705B2ED947E3DC48C770A /* Pods-DojoRx.release.xcconfig */ = {isa = PBXFileReference; includeInIndex = 1; lastKnownFileType = text.xcconfig; name = "Pods-DojoRx.release.xcconfig"; path = "Pods/Target Support Files/Pods-DojoRx/Pods-DojoRx.release.xcconfig"; sourceTree = "<group>"; };
		84BA6769204E1700001C22FF /* DojoRx.app */ = {isa = PBXFileReference; explicitFileType = wrapper.application; includeInIndex = 0; path = DojoRx.app; sourceTree = BUILT_PRODUCTS_DIR; };
		84BA676C204E1700001C22FF /* AppDelegate.swift */ = {isa = PBXFileReference; lastKnownFileType = sourcecode.swift; path = AppDelegate.swift; sourceTree = "<group>"; };
		84BA6773204E1700001C22FF /* Assets.xcassets */ = {isa = PBXFileReference; lastKnownFileType = folder.assetcatalog; path = Assets.xcassets; sourceTree = "<group>"; };
		84BA6776204E1700001C22FF /* Base */ = {isa = PBXFileReference; lastKnownFileType = file.storyboard; name = Base; path = Base.lproj/LaunchScreen.storyboard; sourceTree = "<group>"; };
		84BA6778204E1700001C22FF /* Info.plist */ = {isa = PBXFileReference; lastKnownFileType = text.plist.xml; path = Info.plist; sourceTree = "<group>"; };
		84BA677E204E1A05001C22FF /* ViewController.swift */ = {isa = PBXFileReference; lastKnownFileType = sourcecode.swift; path = ViewController.swift; sourceTree = "<group>"; };
		84BA677F204E1A05001C22FF /* ViewController.xib */ = {isa = PBXFileReference; lastKnownFileType = file.xib; path = ViewController.xib; sourceTree = "<group>"; };
		84BA6782204E1BFF001C22FF /* DisneyCharacterCell.swift */ = {isa = PBXFileReference; lastKnownFileType = sourcecode.swift; path = DisneyCharacterCell.swift; sourceTree = "<group>"; };
		84BA6783204E1BFF001C22FF /* DisneyCharacterCell.xib */ = {isa = PBXFileReference; lastKnownFileType = file.xib; path = DisneyCharacterCell.xib; sourceTree = "<group>"; };
		84CBFDE6207309B7005AD8A2 /* Network.swift */ = {isa = PBXFileReference; fileEncoding = 4; lastKnownFileType = sourcecode.swift; name = Network.swift; path = DojoRx/domain/utils/Network.swift; sourceTree = SOURCE_ROOT; };
		84DCBBFB205319B400DDFC05 /* DisneyCharacter.swift */ = {isa = PBXFileReference; lastKnownFileType = sourcecode.swift; path = DisneyCharacter.swift; sourceTree = "<group>"; };
		84F98F7420A39B7C00C2D9A8 /* DisneyDetailsViewController.swift */ = {isa = PBXFileReference; lastKnownFileType = sourcecode.swift; path = DisneyDetailsViewController.swift; sourceTree = "<group>"; };
		84F98F7520A39B7C00C2D9A8 /* DisneyDetailsViewController.xib */ = {isa = PBXFileReference; lastKnownFileType = file.xib; path = DisneyDetailsViewController.xib; sourceTree = "<group>"; };
/* End PBXFileReference section */

/* Begin PBXFrameworksBuildPhase section */
		84BA6766204E1700001C22FF /* Frameworks */ = {
			isa = PBXFrameworksBuildPhase;
			buildActionMask = 2147483647;
			files = (
				59DA9E56783F284D45DF5C11 /* Pods_DojoRx.framework in Frameworks */,
			);
			runOnlyForDeploymentPostprocessing = 0;
		};
/* End PBXFrameworksBuildPhase section */

/* Begin PBXGroup section */
		32A116BC64D0165124B6B369 /* Pods */ = {
			isa = PBXGroup;
			children = (
				3F381A5F56CE69F487A2BBAC /* Pods-DojoRx.debug.xcconfig */,
				405705B2ED947E3DC48C770A /* Pods-DojoRx.release.xcconfig */,
			);
			name = Pods;
			sourceTree = "<group>";
		};
		84BA6760204E1700001C22FF = {
			isa = PBXGroup;
			children = (
				84BA676B204E1700001C22FF /* DojoRx */,
				84BA676A204E1700001C22FF /* Products */,
				32A116BC64D0165124B6B369 /* Pods */,
				F5B16B7DEAB0A2A80D1A4B43 /* Frameworks */,
			);
			sourceTree = "<group>";
		};
		84BA676A204E1700001C22FF /* Products */ = {
			isa = PBXGroup;
			children = (
				84BA6769204E1700001C22FF /* DojoRx.app */,
			);
			name = Products;
			sourceTree = "<group>";
		};
		84BA676B204E1700001C22FF /* DojoRx */ = {
			isa = PBXGroup;
			children = (
				84CBFDE8207309CF005AD8A2 /* domain */,
				84DCBBFD20531EE300DDFC05 /* Controllers */,
				84BA676C204E1700001C22FF /* AppDelegate.swift */,
				84BA6773204E1700001C22FF /* Assets.xcassets */,
				84BA6775204E1700001C22FF /* LaunchScreen.storyboard */,
				84BA6778204E1700001C22FF /* Info.plist */,
			);
			path = DojoRx;
			sourceTree = "<group>";
		};
		84CBFDE5207309AF005AD8A2 /* utils */ = {
			isa = PBXGroup;
			children = (
				84CBFDE6207309B7005AD8A2 /* Network.swift */,
			);
			name = utils;
			path = ../domain/utils;
			sourceTree = "<group>";
		};
		84CBFDE8207309CF005AD8A2 /* domain */ = {
			isa = PBXGroup;
			children = (
				84DCBBFE20531EEA00DDFC05 /* Models */,
				84CBFDE5207309AF005AD8A2 /* utils */,
			);
			path = domain;
			sourceTree = "<group>";
		};
		84DCBBFD20531EE300DDFC05 /* Controllers */ = {
			isa = PBXGroup;
			children = (
				84F98F7320A39B5200C2D9A8 /* details */,
				84F98F7220A39B4200C2D9A8 /* list */,
			);
			path = Controllers;
			sourceTree = "<group>";
		};
		84DCBBFE20531EEA00DDFC05 /* Models */ = {
			isa = PBXGroup;
			children = (
				84DCBBFB205319B400DDFC05 /* DisneyCharacter.swift */,
			);
			name = Models;
			path = ../domain/Models;
			sourceTree = "<group>";
		};
		84DCBBFF20531EF700DDFC05 /* views */ = {
			isa = PBXGroup;
			children = (
				84BA6782204E1BFF001C22FF /* DisneyCharacterCell.swift */,
				84BA6783204E1BFF001C22FF /* DisneyCharacterCell.xib */,
			);
			path = views;
			sourceTree = "<group>";
		};
		84F98F7220A39B4200C2D9A8 /* list */ = {
			isa = PBXGroup;
			children = (
				84DCBBFF20531EF700DDFC05 /* views */,
				84BA677E204E1A05001C22FF /* ViewController.swift */,
				84BA677F204E1A05001C22FF /* ViewController.xib */,
			);
			path = list;
			sourceTree = "<group>";
		};
		84F98F7320A39B5200C2D9A8 /* details */ = {
			isa = PBXGroup;
			children = (
				84F98F7420A39B7C00C2D9A8 /* DisneyDetailsViewController.swift */,
				84F98F7520A39B7C00C2D9A8 /* DisneyDetailsViewController.xib */,
			);
			path = details;
			sourceTree = "<group>";
		};
		F5B16B7DEAB0A2A80D1A4B43 /* Frameworks */ = {
			isa = PBXGroup;
			children = (
				03F91AEBCB7D7CF9FB43221A /* Pods_DojoRx.framework */,
			);
			name = Frameworks;
			sourceTree = "<group>";
		};
/* End PBXGroup section */

/* Begin PBXNativeTarget section */
		84BA6768204E1700001C22FF /* DojoRx */ = {
			isa = PBXNativeTarget;
			buildConfigurationList = 84BA677B204E1700001C22FF /* Build configuration list for PBXNativeTarget "DojoRx" */;
			buildPhases = (
				AC35F14C1058B7DABB4DEF09 /* [CP] Check Pods Manifest.lock */,
				84BA6765204E1700001C22FF /* Sources */,
				84BA6766204E1700001C22FF /* Frameworks */,
				84BA6767204E1700001C22FF /* Resources */,
				25AEE1B0542E626A3747B127 /* [CP] Embed Pods Frameworks */,
				EB0515BD721C01CBF76EFF84 /* [CP] Copy Pods Resources */,
			);
			buildRules = (
			);
			dependencies = (
			);
			name = DojoRx;
			productName = DojoRx;
			productReference = 84BA6769204E1700001C22FF /* DojoRx.app */;
			productType = "com.apple.product-type.application";
		};
/* End PBXNativeTarget section */

/* Begin PBXProject section */
		84BA6761204E1700001C22FF /* Project object */ = {
			isa = PBXProject;
			attributes = {
				LastSwiftUpdateCheck = 0920;
				LastUpgradeCheck = 0920;
				ORGANIZATIONNAME = "Blue Origami";
				TargetAttributes = {
					84BA6768204E1700001C22FF = {
						CreatedOnToolsVersion = 9.2;
						ProvisioningStyle = Automatic;
					};
				};
			};
			buildConfigurationList = 84BA6764204E1700001C22FF /* Build configuration list for PBXProject "DojoRx" */;
			compatibilityVersion = "Xcode 8.0";
			developmentRegion = en;
			hasScannedForEncodings = 0;
			knownRegions = (
				en,
				Base,
			);
			mainGroup = 84BA6760204E1700001C22FF;
			productRefGroup = 84BA676A204E1700001C22FF /* Products */;
			projectDirPath = "";
			projectRoot = "";
			targets = (
				84BA6768204E1700001C22FF /* DojoRx */,
			);
		};
/* End PBXProject section */

/* Begin PBXResourcesBuildPhase section */
		84BA6767204E1700001C22FF /* Resources */ = {
			isa = PBXResourcesBuildPhase;
			buildActionMask = 2147483647;
			files = (
				84F98F7720A39B7C00C2D9A8 /* DisneyDetailsViewController.xib in Resources */,
				84BA6777204E1700001C22FF /* LaunchScreen.storyboard in Resources */,
				84BA6785204E1BFF001C22FF /* DisneyCharacterCell.xib in Resources */,
				84BA6781204E1A05001C22FF /* ViewController.xib in Resources */,
				84BA6774204E1700001C22FF /* Assets.xcassets in Resources */,
			);
			runOnlyForDeploymentPostprocessing = 0;
		};
/* End PBXResourcesBuildPhase section */

/* Begin PBXShellScriptBuildPhase section */
		25AEE1B0542E626A3747B127 /* [CP] Embed Pods Frameworks */ = {
			isa = PBXShellScriptBuildPhase;
			buildActionMask = 2147483647;
			files = (
			);
			inputPaths = (
				"${SRCROOT}/Pods/Target Support Files/Pods-DojoRx/Pods-DojoRx-frameworks.sh",
				"${BUILT_PRODUCTS_DIR}/RxCocoa/RxCocoa.framework",
				"${BUILT_PRODUCTS_DIR}/RxSwift/RxSwift.framework",
			);
			name = "[CP] Embed Pods Frameworks";
			outputPaths = (
				"${TARGET_BUILD_DIR}/${FRAMEWORKS_FOLDER_PATH}/RxCocoa.framework",
				"${TARGET_BUILD_DIR}/${FRAMEWORKS_FOLDER_PATH}/RxSwift.framework",
			);
			runOnlyForDeploymentPostprocessing = 0;
			shellPath = /bin/sh;
			shellScript = "\"${SRCROOT}/Pods/Target Support Files/Pods-DojoRx/Pods-DojoRx-frameworks.sh\"\n";
			showEnvVarsInLog = 0;
		};
		AC35F14C1058B7DABB4DEF09 /* [CP] Check Pods Manifest.lock */ = {
			isa = PBXShellScriptBuildPhase;
			buildActionMask = 2147483647;
			files = (
			);
			inputPaths = (
				"${PODS_PODFILE_DIR_PATH}/Podfile.lock",
				"${PODS_ROOT}/Manifest.lock",
			);
			name = "[CP] Check Pods Manifest.lock";
			outputPaths = (
				"$(DERIVED_FILE_DIR)/Pods-DojoRx-checkManifestLockResult.txt",
			);
			runOnlyForDeploymentPostprocessing = 0;
			shellPath = /bin/sh;
			shellScript = "diff \"${PODS_PODFILE_DIR_PATH}/Podfile.lock\" \"${PODS_ROOT}/Manifest.lock\" > /dev/null\nif [ $? != 0 ] ; then\n    # print error to STDERR\n    echo \"error: The sandbox is not in sync with the Podfile.lock. Run 'pod install' or update your CocoaPods installation.\" >&2\n    exit 1\nfi\n# This output is used by Xcode 'outputs' to avoid re-running this script phase.\necho \"SUCCESS\" > \"${SCRIPT_OUTPUT_FILE_0}\"\n";
			showEnvVarsInLog = 0;
		};
		EB0515BD721C01CBF76EFF84 /* [CP] Copy Pods Resources */ = {
			isa = PBXShellScriptBuildPhase;
			buildActionMask = 2147483647;
			files = (
			);
			inputPaths = (
			);
			name = "[CP] Copy Pods Resources";
			outputPaths = (
			);
			runOnlyForDeploymentPostprocessing = 0;
			shellPath = /bin/sh;
			shellScript = "\"${SRCROOT}/Pods/Target Support Files/Pods-DojoRx/Pods-DojoRx-resources.sh\"\n";
			showEnvVarsInLog = 0;
		};
/* End PBXShellScriptBuildPhase section */

/* Begin PBXSourcesBuildPhase section */
		84BA6765204E1700001C22FF /* Sources */ = {
			isa = PBXSourcesBuildPhase;
			buildActionMask = 2147483647;
			files = (
				84CBFDE7207309B7005AD8A2 /* Network.swift in Sources */,
				84F98F7620A39B7C00C2D9A8 /* DisneyDetailsViewController.swift in Sources */,
				84BA6780204E1A05001C22FF /* ViewController.swift in Sources */,
				84DCBBFC205319B400DDFC05 /* DisneyCharacter.swift in Sources */,
				84BA6784204E1BFF001C22FF /* DisneyCharacterCell.swift in Sources */,
				84BA676D204E1700001C22FF /* AppDelegate.swift in Sources */,
			);
			runOnlyForDeploymentPostprocessing = 0;
		};
/* End PBXSourcesBuildPhase section */

/* Begin PBXVariantGroup section */
		84BA6775204E1700001C22FF /* LaunchScreen.storyboard */ = {
			isa = PBXVariantGroup;
			children = (
				84BA6776204E1700001C22FF /* Base */,
			);
			name = LaunchScreen.storyboard;
			sourceTree = "<group>";
		};
/* End PBXVariantGroup section */

/* Begin XCBuildConfiguration section */
		84BA6779204E1700001C22FF /* Debug */ = {
			isa = XCBuildConfiguration;
			buildSettings = {
				ALWAYS_SEARCH_USER_PATHS = NO;
				CLANG_ANALYZER_NONNULL = YES;
				CLANG_ANALYZER_NUMBER_OBJECT_CONVERSION = YES_AGGRESSIVE;
				CLANG_CXX_LANGUAGE_STANDARD = "gnu++14";
				CLANG_CXX_LIBRARY = "libc++";
				CLANG_ENABLE_MODULES = YES;
				CLANG_ENABLE_OBJC_ARC = YES;
				CLANG_WARN_BLOCK_CAPTURE_AUTORELEASING = YES;
				CLANG_WARN_BOOL_CONVERSION = YES;
				CLANG_WARN_COMMA = YES;
				CLANG_WARN_CONSTANT_CONVERSION = YES;
				CLANG_WARN_DIRECT_OBJC_ISA_USAGE = YES_ERROR;
				CLANG_WARN_DOCUMENTATION_COMMENTS = YES;
				CLANG_WARN_EMPTY_BODY = YES;
				CLANG_WARN_ENUM_CONVERSION = YES;
				CLANG_WARN_INFINITE_RECURSION = YES;
				CLANG_WARN_INT_CONVERSION = YES;
				CLANG_WARN_NON_LITERAL_NULL_CONVERSION = YES;
				CLANG_WARN_OBJC_LITERAL_CONVERSION = YES;
				CLANG_WARN_OBJC_ROOT_CLASS = YES_ERROR;
				CLANG_WARN_RANGE_LOOP_ANALYSIS = YES;
				CLANG_WARN_STRICT_PROTOTYPES = YES;
				CLANG_WARN_SUSPICIOUS_MOVE = YES;
				CLANG_WARN_UNGUARDED_AVAILABILITY = YES_AGGRESSIVE;
				CLANG_WARN_UNREACHABLE_CODE = YES;
				CLANG_WARN__DUPLICATE_METHOD_MATCH = YES;
				CODE_SIGN_IDENTITY = "iPhone Developer";
				COPY_PHASE_STRIP = NO;
				DEBUG_INFORMATION_FORMAT = dwarf;
				ENABLE_STRICT_OBJC_MSGSEND = YES;
				ENABLE_TESTABILITY = YES;
				GCC_C_LANGUAGE_STANDARD = gnu11;
				GCC_DYNAMIC_NO_PIC = NO;
				GCC_NO_COMMON_BLOCKS = YES;
				GCC_OPTIMIZATION_LEVEL = 0;
				GCC_PREPROCESSOR_DEFINITIONS = (
					"DEBUG=1",
					"$(inherited)",
				);
				GCC_WARN_64_TO_32_BIT_CONVERSION = YES;
				GCC_WARN_ABOUT_RETURN_TYPE = YES_ERROR;
				GCC_WARN_UNDECLARED_SELECTOR = YES;
				GCC_WARN_UNINITIALIZED_AUTOS = YES_AGGRESSIVE;
				GCC_WARN_UNUSED_FUNCTION = YES;
				GCC_WARN_UNUSED_VARIABLE = YES;
				IPHONEOS_DEPLOYMENT_TARGET = 11.2;
				MTL_ENABLE_DEBUG_INFO = YES;
				ONLY_ACTIVE_ARCH = YES;
				SDKROOT = iphoneos;
				SWIFT_ACTIVE_COMPILATION_CONDITIONS = DEBUG;
				SWIFT_OPTIMIZATION_LEVEL = "-Onone";
			};
			name = Debug;
		};
		84BA677A204E1700001C22FF /* Release */ = {
			isa = XCBuildConfiguration;
			buildSettings = {
				ALWAYS_SEARCH_USER_PATHS = NO;
				CLANG_ANALYZER_NONNULL = YES;
				CLANG_ANALYZER_NUMBER_OBJECT_CONVERSION = YES_AGGRESSIVE;
				CLANG_CXX_LANGUAGE_STANDARD = "gnu++14";
				CLANG_CXX_LIBRARY = "libc++";
				CLANG_ENABLE_MODULES = YES;
				CLANG_ENABLE_OBJC_ARC = YES;
				CLANG_WARN_BLOCK_CAPTURE_AUTORELEASING = YES;
				CLANG_WARN_BOOL_CONVERSION = YES;
				CLANG_WARN_COMMA = YES;
				CLANG_WARN_CONSTANT_CONVERSION = YES;
				CLANG_WARN_DIRECT_OBJC_ISA_USAGE = YES_ERROR;
				CLANG_WARN_DOCUMENTATION_COMMENTS = YES;
				CLANG_WARN_EMPTY_BODY = YES;
				CLANG_WARN_ENUM_CONVERSION = YES;
				CLANG_WARN_INFINITE_RECURSION = YES;
				CLANG_WARN_INT_CONVERSION = YES;
				CLANG_WARN_NON_LITERAL_NULL_CONVERSION = YES;
				CLANG_WARN_OBJC_LITERAL_CONVERSION = YES;
				CLANG_WARN_OBJC_ROOT_CLASS = YES_ERROR;
				CLANG_WARN_RANGE_LOOP_ANALYSIS = YES;
				CLANG_WARN_STRICT_PROTOTYPES = YES;
				CLANG_WARN_SUSPICIOUS_MOVE = YES;
				CLANG_WARN_UNGUARDED_AVAILABILITY = YES_AGGRESSIVE;
				CLANG_WARN_UNREACHABLE_CODE = YES;
				CLANG_WARN__DUPLICATE_METHOD_MATCH = YES;
				CODE_SIGN_IDENTITY = "iPhone Developer";
				COPY_PHASE_STRIP = NO;
				DEBUG_INFORMATION_FORMAT = "dwarf-with-dsym";
				ENABLE_NS_ASSERTIONS = NO;
				ENABLE_STRICT_OBJC_MSGSEND = YES;
				GCC_C_LANGUAGE_STANDARD = gnu11;
				GCC_NO_COMMON_BLOCKS = YES;
				GCC_WARN_64_TO_32_BIT_CONVERSION = YES;
				GCC_WARN_ABOUT_RETURN_TYPE = YES_ERROR;
				GCC_WARN_UNDECLARED_SELECTOR = YES;
				GCC_WARN_UNINITIALIZED_AUTOS = YES_AGGRESSIVE;
				GCC_WARN_UNUSED_FUNCTION = YES;
				GCC_WARN_UNUSED_VARIABLE = YES;
				IPHONEOS_DEPLOYMENT_TARGET = 11.2;
				MTL_ENABLE_DEBUG_INFO = NO;
				SDKROOT = iphoneos;
				SWIFT_OPTIMIZATION_LEVEL = "-Owholemodule";
				VALIDATE_PRODUCT = YES;
			};
			name = Release;
		};
		84BA677C204E1700001C22FF /* Debug */ = {
			isa = XCBuildConfiguration;
			baseConfigurationReference = 3F381A5F56CE69F487A2BBAC /* Pods-DojoRx.debug.xcconfig */;
			buildSettings = {
				ASSETCATALOG_COMPILER_APPICON_NAME = AppIcon;
				CODE_SIGN_STYLE = Automatic;
				DEVELOPMENT_TEAM = C5SR9GRPP6;
				INFOPLIST_FILE = DojoRx/Info.plist;
				LD_RUNPATH_SEARCH_PATHS = "$(inherited) @executable_path/Frameworks";
				PRODUCT_BUNDLE_IDENTIFIER = com.blue.origami.DojoRx;
				PRODUCT_NAME = "$(TARGET_NAME)";
				SWIFT_VERSION = 4.0;
				TARGETED_DEVICE_FAMILY = "1,2";
			};
			name = Debug;
		};
		84BA677D204E1700001C22FF /* Release */ = {
			isa = XCBuildConfiguration;
			baseConfigurationReference = 405705B2ED947E3DC48C770A /* Pods-DojoRx.release.xcconfig */;
			buildSettings = {
				ASSETCATALOG_COMPILER_APPICON_NAME = AppIcon;
				CODE_SIGN_STYLE = Automatic;
				DEVELOPMENT_TEAM = C5SR9GRPP6;
				INFOPLIST_FILE = DojoRx/Info.plist;
				LD_RUNPATH_SEARCH_PATHS = "$(inherited) @executable_path/Frameworks";
				PRODUCT_BUNDLE_IDENTIFIER = com.blue.origami.DojoRx;
				PRODUCT_NAME = "$(TARGET_NAME)";
				SWIFT_VERSION = 4.0;
				TARGETED_DEVICE_FAMILY = "1,2";
			};
			name = Release;
		};
/* End XCBuildConfiguration section */

/* Begin XCConfigurationList section */
		84BA6764204E1700001C22FF /* Build configuration list for PBXProject "DojoRx" */ = {
			isa = XCConfigurationList;
			buildConfigurations = (
				84BA6779204E1700001C22FF /* Debug */,
				84BA677A204E1700001C22FF /* Release */,
			);
			defaultConfigurationIsVisible = 0;
			defaultConfigurationName = Release;
		};
		84BA677B204E1700001C22FF /* Build configuration list for PBXNativeTarget "DojoRx" */ = {
			isa = XCConfigurationList;
			buildConfigurations = (
				84BA677C204E1700001C22FF /* Debug */,
				84BA677D204E1700001C22FF /* Release */,
			);
			defaultConfigurationIsVisible = 0;
			defaultConfigurationName = Release;
		};
/* End XCConfigurationList section */
	};
	rootObject = 84BA6761204E1700001C22FF /* Project object */;
}
